
Microsoft Visual Studio Solution File, Format Version 12.00
# Visual Studio Version 16
VisualStudioVersion = 16.0.29519.87
MinimumVisualStudioVersion = 10.0.40219.1
Project("{FAE04EC0-301F-11D3-BF4B-00C04F79EFBC}") = "Library_System", "Library_System\Library_System.csproj", "{3D9764D2-1C2C-4A30-870D-1A80E3C133E0}"
EndProject
Global
	GlobalSection(SolutionConfigurationPlatforms) = preSolution
		Debug|Any CPU = Debug|Any CPU
		Release|Any CPU = Release|Any CPU
	EndGlobalSection
	GlobalSection(ProjectConfigurationPlatforms) = postSolution
		{3D9764D2-1C2C-4A30-870D-1A80E3C133E0}.Debug|Any CPU.ActiveCfg = Debug|Any CPU
		{3D9764D2-1C2C-4A30-870D-1A80E3C133E0}.Debug|Any CPU.Build.0 = Debug|Any CPU
		{3D9764D2-1C2C-4A30-870D-1A80E3C133E0}.Release|Any CPU.ActiveCfg = Release|Any CPU
		{3D9764D2-1C2C-4A30-870D-1A80E3C133E0}.Release|Any CPU.Build.0 = Release|Any CPU
	EndGlobalSection
	GlobalSection(SolutionProperties) = preSolution
		HideSolutionNode = FALSE
	EndGlobalSection
	GlobalSection(ExtensibilityGlobals) = postSolution
		SolutionGuid = {506418F4-6C29-4A4B-954B-0FE0A2AA0085}
	EndGlobalSection
EndGlobal
